// !$*UTF8*$!
{
	archiveVersion = 1;
	classes = {
	};
	objectVersion = 50;
	objects = {

/* Begin PBXBuildFile section */
		370B1E79216F2B5D007B03FE /* LevelScoreDisplayBar.swift in Sources */ = {isa = PBXBuildFile; fileRef = 370B1E78216F2B5D007B03FE /* LevelScoreDisplayBar.swift */; };
		370B1E7B216F6175007B03FE /* LearnedDataTableView.swift in Sources */ = {isa = PBXBuildFile; fileRef = 370B1E7A216F6175007B03FE /* LearnedDataTableView.swift */; };
		370B1E7D216F6272007B03FE /* LearnedDataTableViewCell.swift in Sources */ = {isa = PBXBuildFile; fileRef = 370B1E7C216F6272007B03FE /* LearnedDataTableViewCell.swift */; };
		370B1E7F216F666A007B03FE /* LearnedDataVCDataSource.swift in Sources */ = {isa = PBXBuildFile; fileRef = 370B1E7E216F666A007B03FE /* LearnedDataVCDataSource.swift */; };
		370B1E81216F7F01007B03FE /* DataComponents.swift in Sources */ = {isa = PBXBuildFile; fileRef = 370B1E80216F7F01007B03FE /* DataComponents.swift */; };
		370B1E85216FA87B007B03FE /* LearnedDataVCDelegate.swift in Sources */ = {isa = PBXBuildFile; fileRef = 370B1E84216FA87B007B03FE /* LearnedDataVCDelegate.swift */; };
		370DA7D0216B42E600AA243C /* GroupMenuCoordinator.swift in Sources */ = {isa = PBXBuildFile; fileRef = 370DA7CF216B42E600AA243C /* GroupMenuCoordinator.swift */; };
		370DA7D2216B435900AA243C /* MainMenuViewController.swift in Sources */ = {isa = PBXBuildFile; fileRef = 370DA7D1216B435900AA243C /* MainMenuViewController.swift */; };
		370DA7D4216B443A00AA243C /* MainMenuVCDataSource.swift in Sources */ = {isa = PBXBuildFile; fileRef = 370DA7D3216B443A00AA243C /* MainMenuVCDataSource.swift */; };
		370DA7D6216B444B00AA243C /* MainMenuVCDelegate.swift in Sources */ = {isa = PBXBuildFile; fileRef = 370DA7D5216B444B00AA243C /* MainMenuVCDelegate.swift */; };
		370DA7D8216B459100AA243C /* ModeMenuTableViewCell.swift in Sources */ = {isa = PBXBuildFile; fileRef = 370DA7D7216B459100AA243C /* ModeMenuTableViewCell.swift */; };
		370DA7DA216B45EC00AA243C /* GameModeButton.swift in Sources */ = {isa = PBXBuildFile; fileRef = 370DA7D9216B45EC00AA243C /* GameModeButton.swift */; };
		370DA7DC216B464300AA243C /* LearnedDataViewController.swift in Sources */ = {isa = PBXBuildFile; fileRef = 370DA7DB216B464300AA243C /* LearnedDataViewController.swift */; };
		370DA7DE216B49A300AA243C /* SettingsViewController.swift in Sources */ = {isa = PBXBuildFile; fileRef = 370DA7DD216B49A300AA243C /* SettingsViewController.swift */; };
		3714E2012174C4F50007F419 /* PopUpViewController.swift in Sources */ = {isa = PBXBuildFile; fileRef = 3714E2002174C4F50007F419 /* PopUpViewController.swift */; };
		3725CED6216CB2C700C9301F /* GameDataPresentationViewController.swift in Sources */ = {isa = PBXBuildFile; fileRef = 3725CED5216CB2C700C9301F /* GameDataPresentationViewController.swift */; };
		3725CED8216CB64E00C9301F /* SquarePopUpView.swift in Sources */ = {isa = PBXBuildFile; fileRef = 3725CED7216CB64E00C9301F /* SquarePopUpView.swift */; };
		3725CEDA216DDEA500C9301F /* Game.swift in Sources */ = {isa = PBXBuildFile; fileRef = 3725CED9216DDEA500C9301F /* Game.swift */; };
		3725CEDC216DF79D00C9301F /* LevelTest.swift in Sources */ = {isa = PBXBuildFile; fileRef = 3725CEDB216DF79D00C9301F /* LevelTest.swift */; };
		3725CEDE216E1C7100C9301F /* PopUpStackView.swift in Sources */ = {isa = PBXBuildFile; fileRef = 3725CEDD216E1C7100C9301F /* PopUpStackView.swift */; };
		3725CEE0216E1E9400C9301F /* EndLevelViewController.swift in Sources */ = {isa = PBXBuildFile; fileRef = 3725CEDF216E1E9400C9301F /* EndLevelViewController.swift */; };
		37282EE621707B2E001D22DC /* PopUpButton.swift in Sources */ = {isa = PBXBuildFile; fileRef = 37282EE521707B2E001D22DC /* PopUpButton.swift */; };
		37282EE82170B275001D22DC /* SettingsTableView.swift in Sources */ = {isa = PBXBuildFile; fileRef = 37282EE72170B275001D22DC /* SettingsTableView.swift */; };
		37282EEA2170B693001D22DC /* SettingsVCDAtaSource.swift in Sources */ = {isa = PBXBuildFile; fileRef = 37282EE92170B693001D22DC /* SettingsVCDAtaSource.swift */; };
		37282EEC2170B6CE001D22DC /* SettingsVCDelegate.swift in Sources */ = {isa = PBXBuildFile; fileRef = 37282EEB2170B6CE001D22DC /* SettingsVCDelegate.swift */; };
		37282EEE2170B7F1001D22DC /* SettingsTableViewCell.swift in Sources */ = {isa = PBXBuildFile; fileRef = 37282EED2170B7F1001D22DC /* SettingsTableViewCell.swift */; };
		37282EF12170C665001D22DC /* ViewControllerExtension.swift in Sources */ = {isa = PBXBuildFile; fileRef = 37282EF02170C665001D22DC /* ViewControllerExtension.swift */; };
		37282EF32170E167001D22DC /* HiraganaList.json in Resources */ = {isa = PBXBuildFile; fileRef = 37282EF22170E167001D22DC /* HiraganaList.json */; };
		37282EF62170EB20001D22DC /* HiraganaGroupList.json in Resources */ = {isa = PBXBuildFile; fileRef = 37282EF52170EB20001D22DC /* HiraganaGroupList.json */; };
		37282EF82170F236001D22DC /* Hiragana.swift in Sources */ = {isa = PBXBuildFile; fileRef = 37282EF72170F236001D22DC /* Hiragana.swift */; };
		37282EFE217204E0001D22DC /* UiViewControllerErrorExtension.swift in Sources */ = {isa = PBXBuildFile; fileRef = 37282EFD217204E0001D22DC /* UiViewControllerErrorExtension.swift */; };
		372E448121678A4B0079B5DF /* SQQuestionView.swift in Sources */ = {isa = PBXBuildFile; fileRef = 372E448021678A4B0079B5DF /* SQQuestionView.swift */; };
		372E44842167A5A10079B5DF /* SQAnswerView.swift in Sources */ = {isa = PBXBuildFile; fileRef = 372E44832167A5A10079B5DF /* SQAnswerView.swift */; };
		372E44862168D4C00079B5DF /* AnswerType.swift in Sources */ = {isa = PBXBuildFile; fileRef = 372E44852168D4C00079B5DF /* AnswerType.swift */; };
		372E448C2168DC8F0079B5DF /* PopUpImageView.swift in Sources */ = {isa = PBXBuildFile; fileRef = 372E448B2168DC8F0079B5DF /* PopUpImageView.swift */; };
		372E448E2168E47C0079B5DF /* BandPopUpView.swift in Sources */ = {isa = PBXBuildFile; fileRef = 372E448D2168E47C0079B5DF /* BandPopUpView.swift */; };
		373570F1215D14540033A5F7 /* Group.swift in Sources */ = {isa = PBXBuildFile; fileRef = 373570F0215D14540033A5F7 /* Group.swift */; };
		373570F3215D146D0033A5F7 /* Level.swift in Sources */ = {isa = PBXBuildFile; fileRef = 373570F2215D146D0033A5F7 /* Level.swift */; };
		373570F5215D14950033A5F7 /* GameMode.swift in Sources */ = {isa = PBXBuildFile; fileRef = 373570F4215D14950033A5F7 /* GameMode.swift */; };
		373570F9215D18ED0033A5F7 /* Kanjis.swift in Sources */ = {isa = PBXBuildFile; fileRef = 373570F8215D18ED0033A5F7 /* Kanjis.swift */; };
		3743A3A1215B73290012B02A /* IntExtension.swift in Sources */ = {isa = PBXBuildFile; fileRef = 3743A3A0215B73290012B02A /* IntExtension.swift */; };
		3743A3A4215B789C0012B02A /* GameDataModel.xcdatamodeld in Sources */ = {isa = PBXBuildFile; fileRef = 3743A3A2215B789C0012B02A /* GameDataModel.xcdatamodeld */; };
		37484740214A3824006E35D1 /* MainCoordinator.swift in Sources */ = {isa = PBXBuildFile; fileRef = 3748473F214A3824006E35D1 /* MainCoordinator.swift */; };
		37484744214A3B90006E35D1 /* Coordinator.swift in Sources */ = {isa = PBXBuildFile; fileRef = 37484743214A3B90006E35D1 /* Coordinator.swift */; };
		37548098215A4F7500CE2335 /* groups.swift in Sources */ = {isa = PBXBuildFile; fileRef = 37548097215A4F7500CE2335 /* groups.swift */; };
		3754809A215A4F9800CE2335 /* Levels.swift in Sources */ = {isa = PBXBuildFile; fileRef = 37548099215A4F9800CE2335 /* Levels.swift */; };
		3754809C215A4FCE00CE2335 /* GameModes.swift in Sources */ = {isa = PBXBuildFile; fileRef = 3754809B215A4FCE00CE2335 /* GameModes.swift */; };
		3754809F215A505100CE2335 /* GameData.swift in Sources */ = {isa = PBXBuildFile; fileRef = 3754809E215A505100CE2335 /* GameData.swift */; };
		375480A1215A650F00CE2335 /* KanjiGroupList.json in Resources */ = {isa = PBXBuildFile; fileRef = 375480A0215A650F00CE2335 /* KanjiGroupList.json */; };
		375480A3215A6CF800CE2335 /* JSONParser.swift in Sources */ = {isa = PBXBuildFile; fileRef = 375480A2215A6CF800CE2335 /* JSONParser.swift */; };
		375480A5215A768D00CE2335 /* GroupParsing.swift in Sources */ = {isa = PBXBuildFile; fileRef = 375480A4215A768D00CE2335 /* GroupParsing.swift */; };
		37613037213E644700FBCA24 /* AppDelegate.swift in Sources */ = {isa = PBXBuildFile; fileRef = 37613036213E644700FBCA24 /* AppDelegate.swift */; };
		3761303D213E644700FBCA24 /* GameScene.swift in Sources */ = {isa = PBXBuildFile; fileRef = 3761303C213E644700FBCA24 /* GameScene.swift */; };
		3761303F213E644700FBCA24 /* GameViewController.swift in Sources */ = {isa = PBXBuildFile; fileRef = 3761303E213E644700FBCA24 /* GameViewController.swift */; };
		37613044213E644800FBCA24 /* Assets.xcassets in Resources */ = {isa = PBXBuildFile; fileRef = 37613043213E644800FBCA24 /* Assets.xcassets */; };
		37613047213E644900FBCA24 /* LaunchScreen.storyboard in Resources */ = {isa = PBXBuildFile; fileRef = 37613045213E644900FBCA24 /* LaunchScreen.storyboard */; };
		37613052213E644900FBCA24 /* GameTests.swift in Sources */ = {isa = PBXBuildFile; fileRef = 37613051213E644900FBCA24 /* GameTests.swift */; };
		37613063213E64F500FBCA24 /* Actions.sks in Resources */ = {isa = PBXBuildFile; fileRef = 37613061213E64F500FBCA24 /* Actions.sks */; };
		37613064213E64F500FBCA24 /* GameScene.sks in Resources */ = {isa = PBXBuildFile; fileRef = 37613062213E64F500FBCA24 /* GameScene.sks */; };
		3761306A213FB4D200FBCA24 /* Constant.swift in Sources */ = {isa = PBXBuildFile; fileRef = 37613069213FB4D200FBCA24 /* Constant.swift */; };
		37613075213FC5DE00FBCA24 /* MenuTableView.swift in Sources */ = {isa = PBXBuildFile; fileRef = 37613074213FC5DE00FBCA24 /* MenuTableView.swift */; };
		37613079213FC81E00FBCA24 /* UIViewExtension.swift in Sources */ = {isa = PBXBuildFile; fileRef = 37613078213FC81E00FBCA24 /* UIViewExtension.swift */; };
		3765F631215E051900A4D64D /* ArrayExtensions.swift in Sources */ = {isa = PBXBuildFile; fileRef = 3765F630215E051900A4D64D /* ArrayExtensions.swift */; };
		3765F6372161F6B700A4D64D /* ModeDatas.swift in Sources */ = {isa = PBXBuildFile; fileRef = 3765F6362161F6B700A4D64D /* ModeDatas.swift */; };
		3765F63A2162088300A4D64D /* Answer.swift in Sources */ = {isa = PBXBuildFile; fileRef = 3765F6392162088300A4D64D /* Answer.swift */; };
		3765F63C2162089400A4D64D /* PossibleAnswers.swift in Sources */ = {isa = PBXBuildFile; fileRef = 3765F63B2162089400A4D64D /* PossibleAnswers.swift */; };
		3765F6402162116F00A4D64D /* Question.swift in Sources */ = {isa = PBXBuildFile; fileRef = 3765F63F2162116F00A4D64D /* Question.swift */; };
		3765F644216238C300A4D64D /* QuestionData.swift in Sources */ = {isa = PBXBuildFile; fileRef = 3765F643216238C300A4D64D /* QuestionData.swift */; };
		3765F64E2166301B00A4D64D /* QuestionModeType.swift in Sources */ = {isa = PBXBuildFile; fileRef = 3765F64D2166301B00A4D64D /* QuestionModeType.swift */; };
		37685A142153745900D8B585 /* GroupsTest.swift in Sources */ = {isa = PBXBuildFile; fileRef = 37685A132153745900D8B585 /* GroupsTest.swift */; };
		37685A16215377DA00D8B585 /* GameModesTest.swift in Sources */ = {isa = PBXBuildFile; fileRef = 37685A15215377DA00D8B585 /* GameModesTest.swift */; };
		37685A182153808800D8B585 /* LevelMenuCoordinator.swift in Sources */ = {isa = PBXBuildFile; fileRef = 37685A172153808800D8B585 /* LevelMenuCoordinator.swift */; };
		37685A1A215380DC00D8B585 /* LevelMenuViewController.swift in Sources */ = {isa = PBXBuildFile; fileRef = 37685A19215380DC00D8B585 /* LevelMenuViewController.swift */; };
		37685A1C215388A700D8B585 /* GroupMenuVCDelegate.swift in Sources */ = {isa = PBXBuildFile; fileRef = 37685A1B215388A700D8B585 /* GroupMenuVCDelegate.swift */; };
		37685A1E21538C2F00D8B585 /* LevelColletionView.swift in Sources */ = {isa = PBXBuildFile; fileRef = 37685A1D21538C2F00D8B585 /* LevelColletionView.swift */; };
		37685A2021538FDC00D8B585 /* LevelMenuVCDataSource.swift in Sources */ = {isa = PBXBuildFile; fileRef = 37685A1F21538FDC00D8B585 /* LevelMenuVCDataSource.swift */; };
		37685A22215394B800D8B585 /* LevelMenuVCDelegate.swift in Sources */ = {isa = PBXBuildFile; fileRef = 37685A21215394B800D8B585 /* LevelMenuVCDelegate.swift */; };
		37685A2421539DDD00D8B585 /* LevelButton.swift in Sources */ = {isa = PBXBuildFile; fileRef = 37685A2321539DDD00D8B585 /* LevelButton.swift */; };
		37685A2621539E6500D8B585 /* LevelMenuCollectionViewCell.swift in Sources */ = {isa = PBXBuildFile; fileRef = 37685A2521539E6500D8B585 /* LevelMenuCollectionViewCell.swift */; };
		3776D5E3214BA65600536A8D /* Localizable.strings in Resources */ = {isa = PBXBuildFile; fileRef = 3776D5E5214BA65600536A8D /* Localizable.strings */; };
		3776D5E8214BA78E00536A8D /* StringExtension.swift in Sources */ = {isa = PBXBuildFile; fileRef = 3776D5E7214BA78E00536A8D /* StringExtension.swift */; };
		3776D5EC2150D2C100536A8D /* GroupMenuViewController.swift in Sources */ = {isa = PBXBuildFile; fileRef = 3776D5EB2150D2C100536A8D /* GroupMenuViewController.swift */; };
		37A5664B2148EDCE00F53B43 /* KanjiList.json in Resources */ = {isa = PBXBuildFile; fileRef = 37A5664A2148EDCE00F53B43 /* KanjiList.json */; };
		37A5665221490E1400F53B43 /* DataParsing.swift in Sources */ = {isa = PBXBuildFile; fileRef = 37A5665121490E1400F53B43 /* DataParsing.swift */; };
		37A9EEB52174CB5400228A2F /* GameDataProgressionView.swift in Sources */ = {isa = PBXBuildFile; fileRef = 37A9EEB42174CB5400228A2F /* GameDataProgressionView.swift */; };
		37BF51A4215910FB0093F04E /* CoreDataTest.swift in Sources */ = {isa = PBXBuildFile; fileRef = 37BF51A3215910FB0093F04E /* CoreDataTest.swift */; };
		37C3F40C216642C500492638 /* SQModeView.swift in Sources */ = {isa = PBXBuildFile; fileRef = 37C3F40B216642C500492638 /* SQModeView.swift */; };
		37DD1673216B7AFD00AA9FC0 /* GameDataParsed.swift in Sources */ = {isa = PBXBuildFile; fileRef = 37DD1672216B7AFD00AA9FC0 /* GameDataParsed.swift */; };
		37E0B02B2158BE4A0064019F /* MenuButton.swift in Sources */ = {isa = PBXBuildFile; fileRef = 37E0B02A2158BE4A0064019F /* MenuButton.swift */; };
		37E0B0312158C0BD0064019F /* GameGroupButton.swift in Sources */ = {isa = PBXBuildFile; fileRef = 37E0B0302158C0BD0064019F /* GameGroupButton.swift */; };
		37E0B0332158C0EC0064019F /* GroupMenuTableViewCell.swift in Sources */ = {isa = PBXBuildFile; fileRef = 37E0B0322158C0EC0064019F /* GroupMenuTableViewCell.swift */; };
		37E0B0352158C3C80064019F /* MenuTableViewCell.swift in Sources */ = {isa = PBXBuildFile; fileRef = 37E0B0342158C3C80064019F /* MenuTableViewCell.swift */; };
		37E0B0372158D4460064019F /* GameCoordinator.swift in Sources */ = {isa = PBXBuildFile; fileRef = 37E0B0362158D4460064019F /* GameCoordinator.swift */; };
		37E0B03C2158DAA60064019F /* CoreDataManager.swift in Sources */ = {isa = PBXBuildFile; fileRef = 37E0B03B2158DAA60064019F /* CoreDataManager.swift */; };
		37EBC379215291F60049DB66 /* GroupLevelVCDataSource.swift in Sources */ = {isa = PBXBuildFile; fileRef = 37EBC378215291F60049DB66 /* GroupLevelVCDataSource.swift */; };
/* End PBXBuildFile section */

/* Begin PBXContainerItemProxy section */
		3761304E213E644900FBCA24 /* PBXContainerItemProxy */ = {
			isa = PBXContainerItemProxy;
			containerPortal = 3761302B213E644700FBCA24 /* Project object */;
			proxyType = 1;
			remoteGlobalIDString = 37613032213E644700FBCA24;
			remoteInfo = NihonGame;
		};
/* End PBXContainerItemProxy section */

/* Begin PBXFileReference section */
		370B1E78216F2B5D007B03FE /* LevelScoreDisplayBar.swift */ = {isa = PBXFileReference; lastKnownFileType = sourcecode.swift; path = LevelScoreDisplayBar.swift; sourceTree = "<group>"; };
		370B1E7A216F6175007B03FE /* LearnedDataTableView.swift */ = {isa = PBXFileReference; lastKnownFileType = sourcecode.swift; path = LearnedDataTableView.swift; sourceTree = "<group>"; };
		370B1E7C216F6272007B03FE /* LearnedDataTableViewCell.swift */ = {isa = PBXFileReference; lastKnownFileType = sourcecode.swift; path = LearnedDataTableViewCell.swift; sourceTree = "<group>"; };
		370B1E7E216F666A007B03FE /* LearnedDataVCDataSource.swift */ = {isa = PBXFileReference; lastKnownFileType = sourcecode.swift; path = LearnedDataVCDataSource.swift; sourceTree = "<group>"; };
		370B1E80216F7F01007B03FE /* DataComponents.swift */ = {isa = PBXFileReference; lastKnownFileType = sourcecode.swift; path = DataComponents.swift; sourceTree = "<group>"; };
		370B1E84216FA87B007B03FE /* LearnedDataVCDelegate.swift */ = {isa = PBXFileReference; lastKnownFileType = sourcecode.swift; path = LearnedDataVCDelegate.swift; sourceTree = "<group>"; };
		370DA7CF216B42E600AA243C /* GroupMenuCoordinator.swift */ = {isa = PBXFileReference; fileEncoding = 4; lastKnownFileType = sourcecode.swift; path = GroupMenuCoordinator.swift; sourceTree = "<group>"; };
		370DA7D1216B435900AA243C /* MainMenuViewController.swift */ = {isa = PBXFileReference; lastKnownFileType = sourcecode.swift; path = MainMenuViewController.swift; sourceTree = "<group>"; };
		370DA7D3216B443A00AA243C /* MainMenuVCDataSource.swift */ = {isa = PBXFileReference; lastKnownFileType = sourcecode.swift; path = MainMenuVCDataSource.swift; sourceTree = "<group>"; };
		370DA7D5216B444B00AA243C /* MainMenuVCDelegate.swift */ = {isa = PBXFileReference; lastKnownFileType = sourcecode.swift; path = MainMenuVCDelegate.swift; sourceTree = "<group>"; };
		370DA7D7216B459100AA243C /* ModeMenuTableViewCell.swift */ = {isa = PBXFileReference; lastKnownFileType = sourcecode.swift; path = ModeMenuTableViewCell.swift; sourceTree = "<group>"; };
		370DA7D9216B45EC00AA243C /* GameModeButton.swift */ = {isa = PBXFileReference; lastKnownFileType = sourcecode.swift; path = GameModeButton.swift; sourceTree = "<group>"; };
		370DA7DB216B464300AA243C /* LearnedDataViewController.swift */ = {isa = PBXFileReference; lastKnownFileType = sourcecode.swift; path = LearnedDataViewController.swift; sourceTree = "<group>"; };
		370DA7DD216B49A300AA243C /* SettingsViewController.swift */ = {isa = PBXFileReference; lastKnownFileType = sourcecode.swift; path = SettingsViewController.swift; sourceTree = "<group>"; };
		3714E2002174C4F50007F419 /* PopUpViewController.swift */ = {isa = PBXFileReference; lastKnownFileType = sourcecode.swift; path = PopUpViewController.swift; sourceTree = "<group>"; };
		3725CED5216CB2C700C9301F /* GameDataPresentationViewController.swift */ = {isa = PBXFileReference; lastKnownFileType = sourcecode.swift; path = GameDataPresentationViewController.swift; sourceTree = "<group>"; };
		3725CED7216CB64E00C9301F /* SquarePopUpView.swift */ = {isa = PBXFileReference; lastKnownFileType = sourcecode.swift; path = SquarePopUpView.swift; sourceTree = "<group>"; };
		3725CED9216DDEA500C9301F /* Game.swift */ = {isa = PBXFileReference; fileEncoding = 4; lastKnownFileType = sourcecode.swift; path = Game.swift; sourceTree = "<group>"; };
		3725CEDB216DF79D00C9301F /* LevelTest.swift */ = {isa = PBXFileReference; lastKnownFileType = sourcecode.swift; path = LevelTest.swift; sourceTree = "<group>"; };
		3725CEDD216E1C7100C9301F /* PopUpStackView.swift */ = {isa = PBXFileReference; lastKnownFileType = sourcecode.swift; path = PopUpStackView.swift; sourceTree = "<group>"; };
		3725CEDF216E1E9400C9301F /* EndLevelViewController.swift */ = {isa = PBXFileReference; lastKnownFileType = sourcecode.swift; path = EndLevelViewController.swift; sourceTree = "<group>"; };
		37282EE521707B2E001D22DC /* PopUpButton.swift */ = {isa = PBXFileReference; lastKnownFileType = sourcecode.swift; path = PopUpButton.swift; sourceTree = "<group>"; };
		37282EE72170B275001D22DC /* SettingsTableView.swift */ = {isa = PBXFileReference; lastKnownFileType = sourcecode.swift; path = SettingsTableView.swift; sourceTree = "<group>"; };
		37282EE92170B693001D22DC /* SettingsVCDAtaSource.swift */ = {isa = PBXFileReference; lastKnownFileType = sourcecode.swift; path = SettingsVCDAtaSource.swift; sourceTree = "<group>"; };
		37282EEB2170B6CE001D22DC /* SettingsVCDelegate.swift */ = {isa = PBXFileReference; lastKnownFileType = sourcecode.swift; path = SettingsVCDelegate.swift; sourceTree = "<group>"; };
		37282EED2170B7F1001D22DC /* SettingsTableViewCell.swift */ = {isa = PBXFileReference; lastKnownFileType = sourcecode.swift; path = SettingsTableViewCell.swift; sourceTree = "<group>"; };
		37282EF02170C665001D22DC /* ViewControllerExtension.swift */ = {isa = PBXFileReference; lastKnownFileType = sourcecode.swift; path = ViewControllerExtension.swift; sourceTree = "<group>"; };
		37282EF22170E167001D22DC /* HiraganaList.json */ = {isa = PBXFileReference; lastKnownFileType = text.json; path = HiraganaList.json; sourceTree = "<group>"; };
		37282EF52170EB20001D22DC /* HiraganaGroupList.json */ = {isa = PBXFileReference; lastKnownFileType = text.json; path = HiraganaGroupList.json; sourceTree = "<group>"; };
		37282EF72170F236001D22DC /* Hiragana.swift */ = {isa = PBXFileReference; lastKnownFileType = sourcecode.swift; path = Hiragana.swift; sourceTree = "<group>"; };
		37282EFD217204E0001D22DC /* UiViewControllerErrorExtension.swift */ = {isa = PBXFileReference; lastKnownFileType = sourcecode.swift; path = UiViewControllerErrorExtension.swift; sourceTree = "<group>"; };
		372E448021678A4B0079B5DF /* SQQuestionView.swift */ = {isa = PBXFileReference; lastKnownFileType = sourcecode.swift; path = SQQuestionView.swift; sourceTree = "<group>"; };
		372E44832167A5A10079B5DF /* SQAnswerView.swift */ = {isa = PBXFileReference; lastKnownFileType = sourcecode.swift; path = SQAnswerView.swift; sourceTree = "<group>"; };
		372E44852168D4C00079B5DF /* AnswerType.swift */ = {isa = PBXFileReference; lastKnownFileType = sourcecode.swift; path = AnswerType.swift; sourceTree = "<group>"; };
		372E448B2168DC8F0079B5DF /* PopUpImageView.swift */ = {isa = PBXFileReference; lastKnownFileType = sourcecode.swift; path = PopUpImageView.swift; sourceTree = "<group>"; };
		372E448D2168E47C0079B5DF /* BandPopUpView.swift */ = {isa = PBXFileReference; lastKnownFileType = sourcecode.swift; path = BandPopUpView.swift; sourceTree = "<group>"; };
		373570F0215D14540033A5F7 /* Group.swift */ = {isa = PBXFileReference; lastKnownFileType = sourcecode.swift; path = Group.swift; sourceTree = "<group>"; };
		373570F2215D146D0033A5F7 /* Level.swift */ = {isa = PBXFileReference; lastKnownFileType = sourcecode.swift; path = Level.swift; sourceTree = "<group>"; };
		373570F4215D14950033A5F7 /* GameMode.swift */ = {isa = PBXFileReference; lastKnownFileType = sourcecode.swift; path = GameMode.swift; sourceTree = "<group>"; };
		373570F8215D18ED0033A5F7 /* Kanjis.swift */ = {isa = PBXFileReference; lastKnownFileType = sourcecode.swift; path = Kanjis.swift; sourceTree = "<group>"; };
		3743A3A0215B73290012B02A /* IntExtension.swift */ = {isa = PBXFileReference; lastKnownFileType = sourcecode.swift; path = IntExtension.swift; sourceTree = "<group>"; };
		3743A3A3215B789C0012B02A /* GameDataModel.xcdatamodel */ = {isa = PBXFileReference; lastKnownFileType = wrapper.xcdatamodel; path = GameDataModel.xcdatamodel; sourceTree = "<group>"; };
		3748473F214A3824006E35D1 /* MainCoordinator.swift */ = {isa = PBXFileReference; lastKnownFileType = sourcecode.swift; path = MainCoordinator.swift; sourceTree = "<group>"; };
		37484743214A3B90006E35D1 /* Coordinator.swift */ = {isa = PBXFileReference; lastKnownFileType = sourcecode.swift; path = Coordinator.swift; sourceTree = "<group>"; };
		37548097215A4F7500CE2335 /* groups.swift */ = {isa = PBXFileReference; lastKnownFileType = sourcecode.swift; path = groups.swift; sourceTree = "<group>"; };
		37548099215A4F9800CE2335 /* Levels.swift */ = {isa = PBXFileReference; lastKnownFileType = sourcecode.swift; path = Levels.swift; sourceTree = "<group>"; };
		3754809B215A4FCE00CE2335 /* GameModes.swift */ = {isa = PBXFileReference; lastKnownFileType = sourcecode.swift; path = GameModes.swift; sourceTree = "<group>"; };
		3754809E215A505100CE2335 /* GameData.swift */ = {isa = PBXFileReference; lastKnownFileType = sourcecode.swift; path = GameData.swift; sourceTree = "<group>"; };
		375480A0215A650F00CE2335 /* KanjiGroupList.json */ = {isa = PBXFileReference; lastKnownFileType = text.json; path = KanjiGroupList.json; sourceTree = "<group>"; };
		375480A2215A6CF800CE2335 /* JSONParser.swift */ = {isa = PBXFileReference; lastKnownFileType = sourcecode.swift; path = JSONParser.swift; sourceTree = "<group>"; };
		375480A4215A768D00CE2335 /* GroupParsing.swift */ = {isa = PBXFileReference; lastKnownFileType = sourcecode.swift; path = GroupParsing.swift; sourceTree = "<group>"; };
		37613033213E644700FBCA24 /* NihonGame.app */ = {isa = PBXFileReference; explicitFileType = wrapper.application; includeInIndex = 0; path = NihonGame.app; sourceTree = BUILT_PRODUCTS_DIR; };
		37613036213E644700FBCA24 /* AppDelegate.swift */ = {isa = PBXFileReference; lastKnownFileType = sourcecode.swift; path = AppDelegate.swift; sourceTree = "<group>"; };
		3761303C213E644700FBCA24 /* GameScene.swift */ = {isa = PBXFileReference; lastKnownFileType = sourcecode.swift; path = GameScene.swift; sourceTree = "<group>"; };
		3761303E213E644700FBCA24 /* GameViewController.swift */ = {isa = PBXFileReference; lastKnownFileType = sourcecode.swift; path = GameViewController.swift; sourceTree = "<group>"; };
		37613043213E644800FBCA24 /* Assets.xcassets */ = {isa = PBXFileReference; lastKnownFileType = folder.assetcatalog; path = Assets.xcassets; sourceTree = "<group>"; };
		37613046213E644900FBCA24 /* Base */ = {isa = PBXFileReference; lastKnownFileType = file.storyboard; name = Base; path = Base.lproj/LaunchScreen.storyboard; sourceTree = "<group>"; };
		37613048213E644900FBCA24 /* Info.plist */ = {isa = PBXFileReference; lastKnownFileType = text.plist.xml; path = Info.plist; sourceTree = "<group>"; };
		3761304D213E644900FBCA24 /* NihonGameTests.xctest */ = {isa = PBXFileReference; explicitFileType = wrapper.cfbundle; includeInIndex = 0; path = NihonGameTests.xctest; sourceTree = BUILT_PRODUCTS_DIR; };
		37613051213E644900FBCA24 /* GameTests.swift */ = {isa = PBXFileReference; lastKnownFileType = sourcecode.swift; path = GameTests.swift; sourceTree = "<group>"; };
		37613053213E644900FBCA24 /* Info.plist */ = {isa = PBXFileReference; lastKnownFileType = text.plist.xml; path = Info.plist; sourceTree = "<group>"; };
		37613061213E64F500FBCA24 /* Actions.sks */ = {isa = PBXFileReference; lastKnownFileType = file.sks; path = Actions.sks; sourceTree = "<group>"; };
		37613062213E64F500FBCA24 /* GameScene.sks */ = {isa = PBXFileReference; lastKnownFileType = file.sks; path = GameScene.sks; sourceTree = "<group>"; };
		37613069213FB4D200FBCA24 /* Constant.swift */ = {isa = PBXFileReference; lastKnownFileType = sourcecode.swift; path = Constant.swift; sourceTree = "<group>"; };
		37613074213FC5DE00FBCA24 /* MenuTableView.swift */ = {isa = PBXFileReference; lastKnownFileType = sourcecode.swift; path = MenuTableView.swift; sourceTree = "<group>"; };
		37613078213FC81E00FBCA24 /* UIViewExtension.swift */ = {isa = PBXFileReference; lastKnownFileType = sourcecode.swift; path = UIViewExtension.swift; sourceTree = "<group>"; };
		3761307A213FDE8B00FBCA24 /* fr */ = {isa = PBXFileReference; lastKnownFileType = text.plist.strings; name = fr; path = fr.lproj/LaunchScreen.strings; sourceTree = "<group>"; };
		3765F630215E051900A4D64D /* ArrayExtensions.swift */ = {isa = PBXFileReference; lastKnownFileType = sourcecode.swift; path = ArrayExtensions.swift; sourceTree = "<group>"; };
		3765F633215E74FA00A4D64D /* en */ = {isa = PBXFileReference; lastKnownFileType = text.plist.strings; name = en; path = en.lproj/LaunchScreen.strings; sourceTree = "<group>"; };
		3765F6362161F6B700A4D64D /* ModeDatas.swift */ = {isa = PBXFileReference; lastKnownFileType = sourcecode.swift; path = ModeDatas.swift; sourceTree = "<group>"; };
		3765F6392162088300A4D64D /* Answer.swift */ = {isa = PBXFileReference; lastKnownFileType = sourcecode.swift; path = Answer.swift; sourceTree = "<group>"; };
		3765F63B2162089400A4D64D /* PossibleAnswers.swift */ = {isa = PBXFileReference; lastKnownFileType = sourcecode.swift; path = PossibleAnswers.swift; sourceTree = "<group>"; };
		3765F63F2162116F00A4D64D /* Question.swift */ = {isa = PBXFileReference; lastKnownFileType = sourcecode.swift; path = Question.swift; sourceTree = "<group>"; };
		3765F643216238C300A4D64D /* QuestionData.swift */ = {isa = PBXFileReference; lastKnownFileType = sourcecode.swift; path = QuestionData.swift; sourceTree = "<group>"; };
		3765F64D2166301B00A4D64D /* QuestionModeType.swift */ = {isa = PBXFileReference; lastKnownFileType = sourcecode.swift; path = QuestionModeType.swift; sourceTree = "<group>"; };
		37685A132153745900D8B585 /* GroupsTest.swift */ = {isa = PBXFileReference; lastKnownFileType = sourcecode.swift; path = GroupsTest.swift; sourceTree = "<group>"; };
		37685A15215377DA00D8B585 /* GameModesTest.swift */ = {isa = PBXFileReference; lastKnownFileType = sourcecode.swift; path = GameModesTest.swift; sourceTree = "<group>"; };
		37685A172153808800D8B585 /* LevelMenuCoordinator.swift */ = {isa = PBXFileReference; lastKnownFileType = sourcecode.swift; path = LevelMenuCoordinator.swift; sourceTree = "<group>"; };
		37685A19215380DC00D8B585 /* LevelMenuViewController.swift */ = {isa = PBXFileReference; lastKnownFileType = sourcecode.swift; path = LevelMenuViewController.swift; sourceTree = "<group>"; };
		37685A1B215388A700D8B585 /* GroupMenuVCDelegate.swift */ = {isa = PBXFileReference; lastKnownFileType = sourcecode.swift; path = GroupMenuVCDelegate.swift; sourceTree = "<group>"; };
		37685A1D21538C2F00D8B585 /* LevelColletionView.swift */ = {isa = PBXFileReference; lastKnownFileType = sourcecode.swift; path = LevelColletionView.swift; sourceTree = "<group>"; };
		37685A1F21538FDC00D8B585 /* LevelMenuVCDataSource.swift */ = {isa = PBXFileReference; lastKnownFileType = sourcecode.swift; path = LevelMenuVCDataSource.swift; sourceTree = "<group>"; };
		37685A21215394B800D8B585 /* LevelMenuVCDelegate.swift */ = {isa = PBXFileReference; lastKnownFileType = sourcecode.swift; path = LevelMenuVCDelegate.swift; sourceTree = "<group>"; };
		37685A2321539DDD00D8B585 /* LevelButton.swift */ = {isa = PBXFileReference; lastKnownFileType = sourcecode.swift; path = LevelButton.swift; sourceTree = "<group>"; };
		37685A2521539E6500D8B585 /* LevelMenuCollectionViewCell.swift */ = {isa = PBXFileReference; lastKnownFileType = sourcecode.swift; path = LevelMenuCollectionViewCell.swift; sourceTree = "<group>"; };
		3776D5E4214BA65600536A8D /* fr */ = {isa = PBXFileReference; lastKnownFileType = text.plist.strings; name = fr; path = fr.lproj/Localizable.strings; sourceTree = "<group>"; };
		3776D5E6214BA65D00536A8D /* en */ = {isa = PBXFileReference; lastKnownFileType = text.plist.strings; name = en; path = en.lproj/Localizable.strings; sourceTree = "<group>"; };
		3776D5E7214BA78E00536A8D /* StringExtension.swift */ = {isa = PBXFileReference; lastKnownFileType = sourcecode.swift; path = StringExtension.swift; sourceTree = "<group>"; };
		3776D5EB2150D2C100536A8D /* GroupMenuViewController.swift */ = {isa = PBXFileReference; lastKnownFileType = sourcecode.swift; path = GroupMenuViewController.swift; sourceTree = "<group>"; };
		37A5664A2148EDCE00F53B43 /* KanjiList.json */ = {isa = PBXFileReference; lastKnownFileType = text.json; path = KanjiList.json; sourceTree = "<group>"; };
		37A5665121490E1400F53B43 /* DataParsing.swift */ = {isa = PBXFileReference; lastKnownFileType = sourcecode.swift; path = DataParsing.swift; sourceTree = "<group>"; };
		37A9EEB42174CB5400228A2F /* GameDataProgressionView.swift */ = {isa = PBXFileReference; lastKnownFileType = sourcecode.swift; path = GameDataProgressionView.swift; sourceTree = "<group>"; };
		37BF51A3215910FB0093F04E /* CoreDataTest.swift */ = {isa = PBXFileReference; lastKnownFileType = sourcecode.swift; path = CoreDataTest.swift; sourceTree = "<group>"; };
		37C3F40B216642C500492638 /* SQModeView.swift */ = {isa = PBXFileReference; lastKnownFileType = sourcecode.swift; path = SQModeView.swift; sourceTree = "<group>"; };
		37DD1672216B7AFD00AA9FC0 /* GameDataParsed.swift */ = {isa = PBXFileReference; lastKnownFileType = sourcecode.swift; path = GameDataParsed.swift; sourceTree = "<group>"; };
		37E0B02A2158BE4A0064019F /* MenuButton.swift */ = {isa = PBXFileReference; lastKnownFileType = sourcecode.swift; path = MenuButton.swift; sourceTree = "<group>"; };
		37E0B0302158C0BD0064019F /* GameGroupButton.swift */ = {isa = PBXFileReference; lastKnownFileType = sourcecode.swift; path = GameGroupButton.swift; sourceTree = "<group>"; };
		37E0B0322158C0EC0064019F /* GroupMenuTableViewCell.swift */ = {isa = PBXFileReference; lastKnownFileType = sourcecode.swift; path = GroupMenuTableViewCell.swift; sourceTree = "<group>"; };
		37E0B0342158C3C80064019F /* MenuTableViewCell.swift */ = {isa = PBXFileReference; lastKnownFileType = sourcecode.swift; path = MenuTableViewCell.swift; sourceTree = "<group>"; };
		37E0B0362158D4460064019F /* GameCoordinator.swift */ = {isa = PBXFileReference; lastKnownFileType = sourcecode.swift; path = GameCoordinator.swift; sourceTree = "<group>"; };
		37E0B03B2158DAA60064019F /* CoreDataManager.swift */ = {isa = PBXFileReference; lastKnownFileType = sourcecode.swift; path = CoreDataManager.swift; sourceTree = "<group>"; };
		37EBC378215291F60049DB66 /* GroupLevelVCDataSource.swift */ = {isa = PBXFileReference; lastKnownFileType = sourcecode.swift; path = GroupLevelVCDataSource.swift; sourceTree = "<group>"; };
/* End PBXFileReference section */

/* Begin PBXFrameworksBuildPhase section */
		37613030213E644700FBCA24 /* Frameworks */ = {
			isa = PBXFrameworksBuildPhase;
			buildActionMask = 2147483647;
			files = (
			);
			runOnlyForDeploymentPostprocessing = 0;
		};
		3761304A213E644900FBCA24 /* Frameworks */ = {
			isa = PBXFrameworksBuildPhase;
			buildActionMask = 2147483647;
			files = (
			);
			runOnlyForDeploymentPostprocessing = 0;
		};
/* End PBXFrameworksBuildPhase section */

/* Begin PBXGroup section */
		3725CEE1216E3E2B00C9301F /* Modals */ = {
			isa = PBXGroup;
			children = (
				3714E2002174C4F50007F419 /* PopUpViewController.swift */,
				3725CED5216CB2C700C9301F /* GameDataPresentationViewController.swift */,
				3725CEDF216E1E9400C9301F /* EndLevelViewController.swift */,
			);
			path = Modals;
			sourceTree = "<group>";
		};
		37282EEF2170C5E4001D22DC /* Extension */ = {
			isa = PBXGroup;
			children = (
				37282EF02170C665001D22DC /* ViewControllerExtension.swift */,
				37282EFD217204E0001D22DC /* UiViewControllerErrorExtension.swift */,
			);
			path = Extension;
			sourceTree = "<group>";
		};
		37282EF42170E173001D22DC /* JSONs */ = {
			isa = PBXGroup;
			children = (
				37282EFC2171DC03001D22DC /* Hiragana */,
				37282EFB2171DBF5001D22DC /* Kanji */,
			);
			path = JSONs;
			sourceTree = "<group>";
		};
		37282EFB2171DBF5001D22DC /* Kanji */ = {
			isa = PBXGroup;
			children = (
				37A5664A2148EDCE00F53B43 /* KanjiList.json */,
				375480A0215A650F00CE2335 /* KanjiGroupList.json */,
			);
			path = Kanji;
			sourceTree = "<group>";
		};
		37282EFC2171DC03001D22DC /* Hiragana */ = {
			isa = PBXGroup;
			children = (
				37282EF22170E167001D22DC /* HiraganaList.json */,
				37282EF52170EB20001D22DC /* HiraganaGroupList.json */,
			);
			path = Hiragana;
			sourceTree = "<group>";
		};
		372E44822167A5750079B5DF /* SimpleQuestionMode */ = {
			isa = PBXGroup;
			children = (
				37C3F40B216642C500492638 /* SQModeView.swift */,
				372E44832167A5A10079B5DF /* SQAnswerView.swift */,
				372E448021678A4B0079B5DF /* SQQuestionView.swift */,
			);
			path = SimpleQuestionMode;
			sourceTree = "<group>";
		};
		372E44872168D4CB0079B5DF /* Protocoles */ = {
			isa = PBXGroup;
			children = (
				3765F64D2166301B00A4D64D /* QuestionModeType.swift */,
				372E44852168D4C00079B5DF /* AnswerType.swift */,
			);
			path = Protocoles;
			sourceTree = "<group>";
		};
		372E44882168D7C30079B5DF /* PopUP */ = {
			isa = PBXGroup;
			children = (
				3725CED7216CB64E00C9301F /* SquarePopUpView.swift */,
				372E448D2168E47C0079B5DF /* BandPopUpView.swift */,
				372E448B2168DC8F0079B5DF /* PopUpImageView.swift */,
				3725CEDD216E1C7100C9301F /* PopUpStackView.swift */,
			);
			path = PopUP;
			sourceTree = "<group>";
		};
		3743A39C215B5E4D0012B02A /* GameData */ = {
			isa = PBXGroup;
			children = (
				375480A2215A6CF800CE2335 /* JSONParser.swift */,
				37DD1672216B7AFD00AA9FC0 /* GameDataParsed.swift */,
				3754809E215A505100CE2335 /* GameData.swift */,
				373570F8215D18ED0033A5F7 /* Kanjis.swift */,
				37282EF72170F236001D22DC /* Hiragana.swift */,
			);
			path = GameData;
			sourceTree = "<group>";
		};
		3743A39F215B72F30012B02A /* extension */ = {
			isa = PBXGroup;
			children = (
				3765F630215E051900A4D64D /* ArrayExtensions.swift */,
				3776D5E7214BA78E00536A8D /* StringExtension.swift */,
				3743A3A0215B73290012B02A /* IntExtension.swift */,
			);
			path = extension;
			sourceTree = "<group>";
		};
		3748473E214A377D006E35D1 /* Coordinator */ = {
			isa = PBXGroup;
			children = (
				37484743214A3B90006E35D1 /* Coordinator.swift */,
				3748473F214A3824006E35D1 /* MainCoordinator.swift */,
				370DA7CF216B42E600AA243C /* GroupMenuCoordinator.swift */,
				37685A172153808800D8B585 /* LevelMenuCoordinator.swift */,
				37E0B0362158D4460064019F /* GameCoordinator.swift */,
			);
			path = Coordinator;
			sourceTree = "<group>";
		};
		3754809D215A503700CE2335 /* Struct */ = {
			isa = PBXGroup;
			children = (
				37A5665121490E1400F53B43 /* DataParsing.swift */,
				375480A4215A768D00CE2335 /* GroupParsing.swift */,
				370B1E80216F7F01007B03FE /* DataComponents.swift */,
			);
			path = Struct;
			sourceTree = "<group>";
		};
		3761302A213E644700FBCA24 = {
			isa = PBXGroup;
			children = (
				37613035213E644700FBCA24 /* NihonGame */,
				37613050213E644900FBCA24 /* NihonGameTests */,
				37613034213E644700FBCA24 /* Products */,
			);
			sourceTree = "<group>";
		};
		37613034213E644700FBCA24 /* Products */ = {
			isa = PBXGroup;
			children = (
				37613033213E644700FBCA24 /* NihonGame.app */,
				3761304D213E644900FBCA24 /* NihonGameTests.xctest */,
			);
			name = Products;
			sourceTree = "<group>";
		};
		37613035213E644700FBCA24 /* NihonGame */ = {
			isa = PBXGroup;
			children = (
				37613060213E649D00FBCA24 /* SupportingFiles */,
				3761306D213FB50D00FBCA24 /* MVC */,
				37613048213E644900FBCA24 /* Info.plist */,
				3761305F213E649400FBCA24 /* GameScenes */,
				37282EF42170E173001D22DC /* JSONs */,
			);
			path = NihonGame;
			sourceTree = "<group>";
		};
		37613050213E644900FBCA24 /* NihonGameTests */ = {
			isa = PBXGroup;
			children = (
				37613053213E644900FBCA24 /* Info.plist */,
				37685A15215377DA00D8B585 /* GameModesTest.swift */,
				37685A132153745900D8B585 /* GroupsTest.swift */,
				37BF51A3215910FB0093F04E /* CoreDataTest.swift */,
				3725CEDB216DF79D00C9301F /* LevelTest.swift */,
				37613051213E644900FBCA24 /* GameTests.swift */,
			);
			path = NihonGameTests;
			sourceTree = "<group>";
		};
		3761305C213E647A00FBCA24 /* VC */ = {
			isa = PBXGroup;
			children = (
				37282EEF2170C5E4001D22DC /* Extension */,
				3776D5DE214B91A500536A8D /* DataSources */,
				3776D5DD214B919500536A8D /* Delegate */,
				3748473E214A377D006E35D1 /* Coordinator */,
				370DA7D1216B435900AA243C /* MainMenuViewController.swift */,
				3776D5EB2150D2C100536A8D /* GroupMenuViewController.swift */,
				37685A19215380DC00D8B585 /* LevelMenuViewController.swift */,
				3761303E213E644700FBCA24 /* GameViewController.swift */,
				370DA7DB216B464300AA243C /* LearnedDataViewController.swift */,
				370DA7DD216B49A300AA243C /* SettingsViewController.swift */,
				3725CEE1216E3E2B00C9301F /* Modals */,
			);
			path = VC;
			sourceTree = "<group>";
		};
		3761305D213E648100FBCA24 /* Models */ = {
			isa = PBXGroup;
			children = (
				37A56655214945DB00F53B43 /* Protocols */,
				37A5665021490E0400F53B43 /* Menu */,
				3743A39C215B5E4D0012B02A /* GameData */,
				3765F6382162087500A4D64D /* Game */,
				37BF51A021590D8D0093F04E /* CoreData */,
				3754809D215A503700CE2335 /* Struct */,
				3743A39F215B72F30012B02A /* extension */,
				3776D5E5214BA65600536A8D /* Localizable.strings */,
				3743A3A2215B789C0012B02A /* GameDataModel.xcdatamodeld */,
			);
			path = Models;
			sourceTree = "<group>";
		};
		3761305E213E648900FBCA24 /* Views */ = {
			isa = PBXGroup;
			children = (
				37613073213FC5B900FBCA24 /* InterfaceBuilding */,
				3765F64C2166300600A4D64D /* QuestionMode */,
				37E0B02C2158C0500064019F /* Buttons */,
				37E0B02D2158C05E0064019F /* Cells */,
				37E0B02F2158C08B0064019F /* Table and Collection Views */,
				37A9EEB32174CB4200228A2F /* Other */,
				37613045213E644900FBCA24 /* LaunchScreen.storyboard */,
			);
			path = Views;
			sourceTree = "<group>";
		};
		3761305F213E649400FBCA24 /* GameScenes */ = {
			isa = PBXGroup;
			children = (
				37613061213E64F500FBCA24 /* Actions.sks */,
				37613062213E64F500FBCA24 /* GameScene.sks */,
				3761303C213E644700FBCA24 /* GameScene.swift */,
			);
			path = GameScenes;
			sourceTree = "<group>";
		};
		37613060213E649D00FBCA24 /* SupportingFiles */ = {
			isa = PBXGroup;
			children = (
				37613036213E644700FBCA24 /* AppDelegate.swift */,
				37613043213E644800FBCA24 /* Assets.xcassets */,
				37613069213FB4D200FBCA24 /* Constant.swift */,
			);
			path = SupportingFiles;
			sourceTree = "<group>";
		};
		3761306D213FB50D00FBCA24 /* MVC */ = {
			isa = PBXGroup;
			children = (
				3761305E213E648900FBCA24 /* Views */,
				3761305C213E647A00FBCA24 /* VC */,
				3761305D213E648100FBCA24 /* Models */,
			);
			path = MVC;
			sourceTree = "<group>";
		};
		37613073213FC5B900FBCA24 /* InterfaceBuilding */ = {
			isa = PBXGroup;
			children = (
				37613078213FC81E00FBCA24 /* UIViewExtension.swift */,
			);
			path = InterfaceBuilding;
			sourceTree = "<group>";
		};
		3765F6382162087500A4D64D /* Game */ = {
			isa = PBXGroup;
			children = (
				3725CED9216DDEA500C9301F /* Game.swift */,
				3765F6392162088300A4D64D /* Answer.swift */,
				3765F63B2162089400A4D64D /* PossibleAnswers.swift */,
				3765F63F2162116F00A4D64D /* Question.swift */,
				3765F643216238C300A4D64D /* QuestionData.swift */,
			);
			path = Game;
			sourceTree = "<group>";
		};
		3765F64C2166300600A4D64D /* QuestionMode */ = {
			isa = PBXGroup;
			children = (
				372E44882168D7C30079B5DF /* PopUP */,
				372E44872168D4CB0079B5DF /* Protocoles */,
				372E44822167A5750079B5DF /* SimpleQuestionMode */,
			);
			path = QuestionMode;
			sourceTree = "<group>";
		};
		3776D5DD214B919500536A8D /* Delegate */ = {
			isa = PBXGroup;
			children = (
				370DA7D5216B444B00AA243C /* MainMenuVCDelegate.swift */,
				37685A1B215388A700D8B585 /* GroupMenuVCDelegate.swift */,
				37685A21215394B800D8B585 /* LevelMenuVCDelegate.swift */,
				370B1E84216FA87B007B03FE /* LearnedDataVCDelegate.swift */,
				37282EEB2170B6CE001D22DC /* SettingsVCDelegate.swift */,
			);
			path = Delegate;
			sourceTree = "<group>";
		};
		3776D5DE214B91A500536A8D /* DataSources */ = {
			isa = PBXGroup;
			children = (
				370DA7D3216B443A00AA243C /* MainMenuVCDataSource.swift */,
				37EBC378215291F60049DB66 /* GroupLevelVCDataSource.swift */,
				37685A1F21538FDC00D8B585 /* LevelMenuVCDataSource.swift */,
				370B1E7E216F666A007B03FE /* LearnedDataVCDataSource.swift */,
				37282EE92170B693001D22DC /* SettingsVCDAtaSource.swift */,
			);
			path = DataSources;
			sourceTree = "<group>";
		};
		37A5665021490E0400F53B43 /* Menu */ = {
			isa = PBXGroup;
			children = (
				3754809B215A4FCE00CE2335 /* GameModes.swift */,
				373570F4215D14950033A5F7 /* GameMode.swift */,
				37548097215A4F7500CE2335 /* groups.swift */,
				373570F0215D14540033A5F7 /* Group.swift */,
				37548099215A4F9800CE2335 /* Levels.swift */,
				373570F2215D146D0033A5F7 /* Level.swift */,
			);
			path = Menu;
			sourceTree = "<group>";
		};
		37A56655214945DB00F53B43 /* Protocols */ = {
			isa = PBXGroup;
			children = (
				3765F6362161F6B700A4D64D /* ModeDatas.swift */,
			);
			path = Protocols;
			sourceTree = "<group>";
		};
		37A9EEB32174CB4200228A2F /* Other */ = {
			isa = PBXGroup;
			children = (
				370B1E78216F2B5D007B03FE /* LevelScoreDisplayBar.swift */,
				37A9EEB42174CB5400228A2F /* GameDataProgressionView.swift */,
			);
			path = Other;
			sourceTree = "<group>";
		};
		37BF51A021590D8D0093F04E /* CoreData */ = {
			isa = PBXGroup;
			children = (
				37E0B03B2158DAA60064019F /* CoreDataManager.swift */,
			);
			path = CoreData;
			sourceTree = "<group>";
		};
		37E0B02C2158C0500064019F /* Buttons */ = {
			isa = PBXGroup;
			children = (
				37E0B02A2158BE4A0064019F /* MenuButton.swift */,
				370DA7D9216B45EC00AA243C /* GameModeButton.swift */,
				37E0B0302158C0BD0064019F /* GameGroupButton.swift */,
				37685A2321539DDD00D8B585 /* LevelButton.swift */,
				37282EE521707B2E001D22DC /* PopUpButton.swift */,
			);
			path = Buttons;
			sourceTree = "<group>";
		};
		37E0B02D2158C05E0064019F /* Cells */ = {
			isa = PBXGroup;
			children = (
				37E0B0342158C3C80064019F /* MenuTableViewCell.swift */,
				370DA7D7216B459100AA243C /* ModeMenuTableViewCell.swift */,
				37E0B0322158C0EC0064019F /* GroupMenuTableViewCell.swift */,
				37685A2521539E6500D8B585 /* LevelMenuCollectionViewCell.swift */,
				370B1E7C216F6272007B03FE /* LearnedDataTableViewCell.swift */,
				37282EED2170B7F1001D22DC /* SettingsTableViewCell.swift */,
			);
			path = Cells;
			sourceTree = "<group>";
		};
		37E0B02F2158C08B0064019F /* Table and Collection Views */ = {
			isa = PBXGroup;
			children = (
				37613074213FC5DE00FBCA24 /* MenuTableView.swift */,
				37685A1D21538C2F00D8B585 /* LevelColletionView.swift */,
				370B1E7A216F6175007B03FE /* LearnedDataTableView.swift */,
				37282EE72170B275001D22DC /* SettingsTableView.swift */,
			);
			path = "Table and Collection Views";
			sourceTree = "<group>";
		};
/* End PBXGroup section */

/* Begin PBXNativeTarget section */
		37613032213E644700FBCA24 /* NihonGame */ = {
			isa = PBXNativeTarget;
			buildConfigurationList = 37613056213E644900FBCA24 /* Build configuration list for PBXNativeTarget "NihonGame" */;
			buildPhases = (
				3761302F213E644700FBCA24 /* Sources */,
				37613030213E644700FBCA24 /* Frameworks */,
				37613031213E644700FBCA24 /* Resources */,
			);
			buildRules = (
			);
			dependencies = (
			);
			name = NihonGame;
			productName = NihonGame;
			productReference = 37613033213E644700FBCA24 /* NihonGame.app */;
			productType = "com.apple.product-type.application";
		};
		3761304C213E644900FBCA24 /* NihonGameTests */ = {
			isa = PBXNativeTarget;
			buildConfigurationList = 37613059213E644900FBCA24 /* Build configuration list for PBXNativeTarget "NihonGameTests" */;
			buildPhases = (
				37613049213E644900FBCA24 /* Sources */,
				3761304A213E644900FBCA24 /* Frameworks */,
				3761304B213E644900FBCA24 /* Resources */,
			);
			buildRules = (
			);
			dependencies = (
				3761304F213E644900FBCA24 /* PBXTargetDependency */,
			);
			name = NihonGameTests;
			productName = NihonGameTests;
			productReference = 3761304D213E644900FBCA24 /* NihonGameTests.xctest */;
			productType = "com.apple.product-type.bundle.unit-test";
		};
/* End PBXNativeTarget section */

/* Begin PBXProject section */
		3761302B213E644700FBCA24 /* Project object */ = {
			isa = PBXProject;
			attributes = {
				LastSwiftUpdateCheck = 0940;
				LastUpgradeCheck = 0940;
				ORGANIZATIONNAME = Nicolas;
				TargetAttributes = {
					37613032213E644700FBCA24 = {
						CreatedOnToolsVersion = 9.4.1;
						LastSwiftMigration = 1000;
					};
					3761304C213E644900FBCA24 = {
						CreatedOnToolsVersion = 9.4.1;
						LastSwiftMigration = 1000;
						TestTargetID = 37613032213E644700FBCA24;
					};
				};
			};
			buildConfigurationList = 3761302E213E644700FBCA24 /* Build configuration list for PBXProject "NihonGame" */;
			compatibilityVersion = "Xcode 9.3";
			developmentRegion = en;
			hasScannedForEncodings = 0;
			knownRegions = (
				en,
				Base,
			);
			mainGroup = 3761302A213E644700FBCA24;
			productRefGroup = 37613034213E644700FBCA24 /* Products */;
			projectDirPath = "";
			projectRoot = "";
			targets = (
				37613032213E644700FBCA24 /* NihonGame */,
				3761304C213E644900FBCA24 /* NihonGameTests */,
			);
		};
/* End PBXProject section */

/* Begin PBXResourcesBuildPhase section */
		37613031213E644700FBCA24 /* Resources */ = {
			isa = PBXResourcesBuildPhase;
			buildActionMask = 2147483647;
			files = (
				37282EF32170E167001D22DC /* HiraganaList.json in Resources */,
				3776D5E3214BA65600536A8D /* Localizable.strings in Resources */,
				375480A1215A650F00CE2335 /* KanjiGroupList.json in Resources */,
				37613064213E64F500FBCA24 /* GameScene.sks in Resources */,
				37A5664B2148EDCE00F53B43 /* KanjiList.json in Resources */,
				37613044213E644800FBCA24 /* Assets.xcassets in Resources */,
				37613063213E64F500FBCA24 /* Actions.sks in Resources */,
				37613047213E644900FBCA24 /* LaunchScreen.storyboard in Resources */,
				37282EF62170EB20001D22DC /* HiraganaGroupList.json in Resources */,
			);
			runOnlyForDeploymentPostprocessing = 0;
		};
		3761304B213E644900FBCA24 /* Resources */ = {
			isa = PBXResourcesBuildPhase;
			buildActionMask = 2147483647;
			files = (
			);
			runOnlyForDeploymentPostprocessing = 0;
		};
/* End PBXResourcesBuildPhase section */

/* Begin PBXSourcesBuildPhase section */
		3761302F213E644700FBCA24 /* Sources */ = {
			isa = PBXSourcesBuildPhase;
			buildActionMask = 2147483647;
			files = (
				3743A3A4215B789C0012B02A /* GameDataModel.xcdatamodeld in Sources */,
				37685A2421539DDD00D8B585 /* LevelButton.swift in Sources */,
				37484744214A3B90006E35D1 /* Coordinator.swift in Sources */,
				372E448C2168DC8F0079B5DF /* PopUpImageView.swift in Sources */,
				373570F1215D14540033A5F7 /* Group.swift in Sources */,
				37484740214A3824006E35D1 /* MainCoordinator.swift in Sources */,
				37E0B0352158C3C80064019F /* MenuTableViewCell.swift in Sources */,
				370B1E7B216F6175007B03FE /* LearnedDataTableView.swift in Sources */,
				370DA7DA216B45EC00AA243C /* GameModeButton.swift in Sources */,
				372E448121678A4B0079B5DF /* SQQuestionView.swift in Sources */,
				3765F6372161F6B700A4D64D /* ModeDatas.swift in Sources */,
				3725CEE0216E1E9400C9301F /* EndLevelViewController.swift in Sources */,
				37685A182153808800D8B585 /* LevelMenuCoordinator.swift in Sources */,
				37E0B0312158C0BD0064019F /* GameGroupButton.swift in Sources */,
				3725CEDE216E1C7100C9301F /* PopUpStackView.swift in Sources */,
				3765F64E2166301B00A4D64D /* QuestionModeType.swift in Sources */,
				37685A1A215380DC00D8B585 /* LevelMenuViewController.swift in Sources */,
				37A5665221490E1400F53B43 /* DataParsing.swift in Sources */,
				3761303D213E644700FBCA24 /* GameScene.swift in Sources */,
				37282EEC2170B6CE001D22DC /* SettingsVCDelegate.swift in Sources */,
				375480A5215A768D00CE2335 /* GroupParsing.swift in Sources */,
				3765F631215E051900A4D64D /* ArrayExtensions.swift in Sources */,
				37A9EEB52174CB5400228A2F /* GameDataProgressionView.swift in Sources */,
				37282EFE217204E0001D22DC /* UiViewControllerErrorExtension.swift in Sources */,
				370B1E81216F7F01007B03FE /* DataComponents.swift in Sources */,
				370B1E85216FA87B007B03FE /* LearnedDataVCDelegate.swift in Sources */,
				37685A1C215388A700D8B585 /* GroupMenuVCDelegate.swift in Sources */,
				37C3F40C216642C500492638 /* SQModeView.swift in Sources */,
				37282EF82170F236001D22DC /* Hiragana.swift in Sources */,
				3776D5EC2150D2C100536A8D /* GroupMenuViewController.swift in Sources */,
				3754809C215A4FCE00CE2335 /* GameModes.swift in Sources */,
				37DD1673216B7AFD00AA9FC0 /* GameDataParsed.swift in Sources */,
				3765F6402162116F00A4D64D /* Question.swift in Sources */,
				370DA7DE216B49A300AA243C /* SettingsViewController.swift in Sources */,
				3761303F213E644700FBCA24 /* GameViewController.swift in Sources */,
				37685A22215394B800D8B585 /* LevelMenuVCDelegate.swift in Sources */,
				37685A1E21538C2F00D8B585 /* LevelColletionView.swift in Sources */,
				37E0B03C2158DAA60064019F /* CoreDataManager.swift in Sources */,
				370DA7D4216B443A00AA243C /* MainMenuVCDataSource.swift in Sources */,
				372E44862168D4C00079B5DF /* AnswerType.swift in Sources */,
				3725CEDA216DDEA500C9301F /* Game.swift in Sources */,
				3765F63A2162088300A4D64D /* Answer.swift in Sources */,
				37613079213FC81E00FBCA24 /* UIViewExtension.swift in Sources */,
				3754809A215A4F9800CE2335 /* Levels.swift in Sources */,
				3765F63C2162089400A4D64D /* PossibleAnswers.swift in Sources */,
				3776D5E8214BA78E00536A8D /* StringExtension.swift in Sources */,
				37EBC379215291F60049DB66 /* GroupLevelVCDataSource.swift in Sources */,
				373570F3215D146D0033A5F7 /* Level.swift in Sources */,
				370DA7D8216B459100AA243C /* ModeMenuTableViewCell.swift in Sources */,
				37E0B0332158C0EC0064019F /* GroupMenuTableViewCell.swift in Sources */,
				37613075213FC5DE00FBCA24 /* MenuTableView.swift in Sources */,
				370B1E7D216F6272007B03FE /* LearnedDataTableViewCell.swift in Sources */,
				370DA7D2216B435900AA243C /* MainMenuViewController.swift in Sources */,
				37613037213E644700FBCA24 /* AppDelegate.swift in Sources */,
				37282EF12170C665001D22DC /* ViewControllerExtension.swift in Sources */,
				375480A3215A6CF800CE2335 /* JSONParser.swift in Sources */,
				3714E2012174C4F50007F419 /* PopUpViewController.swift in Sources */,
				370B1E79216F2B5D007B03FE /* LevelScoreDisplayBar.swift in Sources */,
				37282EE621707B2E001D22DC /* PopUpButton.swift in Sources */,
				370DA7DC216B464300AA243C /* LearnedDataViewController.swift in Sources */,
				372E448E2168E47C0079B5DF /* BandPopUpView.swift in Sources */,
				37E0B02B2158BE4A0064019F /* MenuButton.swift in Sources */,
				373570F5215D14950033A5F7 /* GameMode.swift in Sources */,
				370DA7D6216B444B00AA243C /* MainMenuVCDelegate.swift in Sources */,
				37E0B0372158D4460064019F /* GameCoordinator.swift in Sources */,
				373570F9215D18ED0033A5F7 /* Kanjis.swift in Sources */,
				3765F644216238C300A4D64D /* QuestionData.swift in Sources */,
				37282EEE2170B7F1001D22DC /* SettingsTableViewCell.swift in Sources */,
				37548098215A4F7500CE2335 /* groups.swift in Sources */,
				37282EE82170B275001D22DC /* SettingsTableView.swift in Sources */,
				3725CED8216CB64E00C9301F /* SquarePopUpView.swift in Sources */,
				37685A2621539E6500D8B585 /* LevelMenuCollectionViewCell.swift in Sources */,
				3754809F215A505100CE2335 /* GameData.swift in Sources */,
				3743A3A1215B73290012B02A /* IntExtension.swift in Sources */,
				370DA7D0216B42E600AA243C /* GroupMenuCoordinator.swift in Sources */,
				3761306A213FB4D200FBCA24 /* Constant.swift in Sources */,
				3725CED6216CB2C700C9301F /* GameDataPresentationViewController.swift in Sources */,
				37282EEA2170B693001D22DC /* SettingsVCDAtaSource.swift in Sources */,
				372E44842167A5A10079B5DF /* SQAnswerView.swift in Sources */,
				37685A2021538FDC00D8B585 /* LevelMenuVCDataSource.swift in Sources */,
				370B1E7F216F666A007B03FE /* LearnedDataVCDataSource.swift in Sources */,
			);
			runOnlyForDeploymentPostprocessing = 0;
		};
		37613049213E644900FBCA24 /* Sources */ = {
			isa = PBXSourcesBuildPhase;
			buildActionMask = 2147483647;
			files = (
				37BF51A4215910FB0093F04E /* CoreDataTest.swift in Sources */,
				37613052213E644900FBCA24 /* GameTests.swift in Sources */,
				37685A16215377DA00D8B585 /* GameModesTest.swift in Sources */,
				37685A142153745900D8B585 /* GroupsTest.swift in Sources */,
				3725CEDC216DF79D00C9301F /* LevelTest.swift in Sources */,
			);
			runOnlyForDeploymentPostprocessing = 0;
		};
/* End PBXSourcesBuildPhase section */

/* Begin PBXTargetDependency section */
		3761304F213E644900FBCA24 /* PBXTargetDependency */ = {
			isa = PBXTargetDependency;
			target = 37613032213E644700FBCA24 /* NihonGame */;
			targetProxy = 3761304E213E644900FBCA24 /* PBXContainerItemProxy */;
		};
/* End PBXTargetDependency section */

/* Begin PBXVariantGroup section */
		37613045213E644900FBCA24 /* LaunchScreen.storyboard */ = {
			isa = PBXVariantGroup;
			children = (
				37613046213E644900FBCA24 /* Base */,
				3761307A213FDE8B00FBCA24 /* fr */,
				3765F633215E74FA00A4D64D /* en */,
			);
			name = LaunchScreen.storyboard;
			sourceTree = "<group>";
		};
		3776D5E5214BA65600536A8D /* Localizable.strings */ = {
			isa = PBXVariantGroup;
			children = (
				3776D5E4214BA65600536A8D /* fr */,
				3776D5E6214BA65D00536A8D /* en */,
			);
			name = Localizable.strings;
			sourceTree = "<group>";
		};
/* End PBXVariantGroup section */

/* Begin XCBuildConfiguration section */
		37613054213E644900FBCA24 /* Debug */ = {
			isa = XCBuildConfiguration;
			buildSettings = {
				ALWAYS_SEARCH_USER_PATHS = NO;
				CLANG_ANALYZER_LOCALIZABILITY_NONLOCALIZED = YES;
				CLANG_ANALYZER_NONNULL = YES;
				CLANG_ANALYZER_NUMBER_OBJECT_CONVERSION = YES_AGGRESSIVE;
				CLANG_CXX_LANGUAGE_STANDARD = "gnu++14";
				CLANG_CXX_LIBRARY = "libc++";
				CLANG_ENABLE_MODULES = YES;
				CLANG_ENABLE_OBJC_ARC = YES;
				CLANG_ENABLE_OBJC_WEAK = YES;
				CLANG_WARN_BLOCK_CAPTURE_AUTORELEASING = YES;
				CLANG_WARN_BOOL_CONVERSION = YES;
				CLANG_WARN_COMMA = YES;
				CLANG_WARN_CONSTANT_CONVERSION = YES;
				CLANG_WARN_DEPRECATED_OBJC_IMPLEMENTATIONS = YES;
				CLANG_WARN_DIRECT_OBJC_ISA_USAGE = YES_ERROR;
				CLANG_WARN_DOCUMENTATION_COMMENTS = YES;
				CLANG_WARN_EMPTY_BODY = YES;
				CLANG_WARN_ENUM_CONVERSION = YES;
				CLANG_WARN_INFINITE_RECURSION = YES;
				CLANG_WARN_INT_CONVERSION = YES;
				CLANG_WARN_NON_LITERAL_NULL_CONVERSION = YES;
				CLANG_WARN_OBJC_IMPLICIT_RETAIN_SELF = YES;
				CLANG_WARN_OBJC_LITERAL_CONVERSION = YES;
				CLANG_WARN_OBJC_ROOT_CLASS = YES_ERROR;
				CLANG_WARN_RANGE_LOOP_ANALYSIS = YES;
				CLANG_WARN_STRICT_PROTOTYPES = YES;
				CLANG_WARN_SUSPICIOUS_MOVE = YES;
				CLANG_WARN_UNGUARDED_AVAILABILITY = YES_AGGRESSIVE;
				CLANG_WARN_UNREACHABLE_CODE = YES;
				CLANG_WARN__DUPLICATE_METHOD_MATCH = YES;
				CODE_SIGN_IDENTITY = "iPhone Developer";
				COPY_PHASE_STRIP = NO;
				DEBUG_INFORMATION_FORMAT = dwarf;
				ENABLE_STRICT_OBJC_MSGSEND = YES;
				ENABLE_TESTABILITY = YES;
				GCC_C_LANGUAGE_STANDARD = gnu11;
				GCC_DYNAMIC_NO_PIC = NO;
				GCC_NO_COMMON_BLOCKS = YES;
				GCC_OPTIMIZATION_LEVEL = 0;
				GCC_PREPROCESSOR_DEFINITIONS = (
					"DEBUG=1",
					"$(inherited)",
				);
				GCC_WARN_64_TO_32_BIT_CONVERSION = YES;
				GCC_WARN_ABOUT_RETURN_TYPE = YES_ERROR;
				GCC_WARN_UNDECLARED_SELECTOR = YES;
				GCC_WARN_UNINITIALIZED_AUTOS = YES_AGGRESSIVE;
				GCC_WARN_UNUSED_FUNCTION = YES;
				GCC_WARN_UNUSED_VARIABLE = YES;
				IPHONEOS_DEPLOYMENT_TARGET = 11.4;
				MTL_ENABLE_DEBUG_INFO = YES;
				ONLY_ACTIVE_ARCH = YES;
				SDKROOT = iphoneos;
				SWIFT_ACTIVE_COMPILATION_CONDITIONS = DEBUG;
				SWIFT_OPTIMIZATION_LEVEL = "-Onone";
			};
			name = Debug;
		};
		37613055213E644900FBCA24 /* Release */ = {
			isa = XCBuildConfiguration;
			buildSettings = {
				ALWAYS_SEARCH_USER_PATHS = NO;
				CLANG_ANALYZER_LOCALIZABILITY_NONLOCALIZED = YES;
				CLANG_ANALYZER_NONNULL = YES;
				CLANG_ANALYZER_NUMBER_OBJECT_CONVERSION = YES_AGGRESSIVE;
				CLANG_CXX_LANGUAGE_STANDARD = "gnu++14";
				CLANG_CXX_LIBRARY = "libc++";
				CLANG_ENABLE_MODULES = YES;
				CLANG_ENABLE_OBJC_ARC = YES;
				CLANG_ENABLE_OBJC_WEAK = YES;
				CLANG_WARN_BLOCK_CAPTURE_AUTORELEASING = YES;
				CLANG_WARN_BOOL_CONVERSION = YES;
				CLANG_WARN_COMMA = YES;
				CLANG_WARN_CONSTANT_CONVERSION = YES;
				CLANG_WARN_DEPRECATED_OBJC_IMPLEMENTATIONS = YES;
				CLANG_WARN_DIRECT_OBJC_ISA_USAGE = YES_ERROR;
				CLANG_WARN_DOCUMENTATION_COMMENTS = YES;
				CLANG_WARN_EMPTY_BODY = YES;
				CLANG_WARN_ENUM_CONVERSION = YES;
				CLANG_WARN_INFINITE_RECURSION = YES;
				CLANG_WARN_INT_CONVERSION = YES;
				CLANG_WARN_NON_LITERAL_NULL_CONVERSION = YES;
				CLANG_WARN_OBJC_IMPLICIT_RETAIN_SELF = YES;
				CLANG_WARN_OBJC_LITERAL_CONVERSION = YES;
				CLANG_WARN_OBJC_ROOT_CLASS = YES_ERROR;
				CLANG_WARN_RANGE_LOOP_ANALYSIS = YES;
				CLANG_WARN_STRICT_PROTOTYPES = YES;
				CLANG_WARN_SUSPICIOUS_MOVE = YES;
				CLANG_WARN_UNGUARDED_AVAILABILITY = YES_AGGRESSIVE;
				CLANG_WARN_UNREACHABLE_CODE = YES;
				CLANG_WARN__DUPLICATE_METHOD_MATCH = YES;
				CODE_SIGN_IDENTITY = "iPhone Developer";
				COPY_PHASE_STRIP = NO;
				DEBUG_INFORMATION_FORMAT = "dwarf-with-dsym";
				ENABLE_NS_ASSERTIONS = NO;
				ENABLE_STRICT_OBJC_MSGSEND = YES;
				GCC_C_LANGUAGE_STANDARD = gnu11;
				GCC_NO_COMMON_BLOCKS = YES;
				GCC_WARN_64_TO_32_BIT_CONVERSION = YES;
				GCC_WARN_ABOUT_RETURN_TYPE = YES_ERROR;
				GCC_WARN_UNDECLARED_SELECTOR = YES;
				GCC_WARN_UNINITIALIZED_AUTOS = YES_AGGRESSIVE;
				GCC_WARN_UNUSED_FUNCTION = YES;
				GCC_WARN_UNUSED_VARIABLE = YES;
				IPHONEOS_DEPLOYMENT_TARGET = 11.4;
				MTL_ENABLE_DEBUG_INFO = NO;
				SDKROOT = iphoneos;
				SWIFT_COMPILATION_MODE = wholemodule;
				SWIFT_OPTIMIZATION_LEVEL = "-O";
				VALIDATE_PRODUCT = YES;
			};
			name = Release;
		};
		37613057213E644900FBCA24 /* Debug */ = {
			isa = XCBuildConfiguration;
			buildSettings = {
				ASSETCATALOG_COMPILER_APPICON_NAME = AppIcon;
				CODE_SIGN_STYLE = Automatic;
				DEVELOPMENT_TEAM = Q9ND38V22J;
				INFOPLIST_FILE = NihonGame/Info.plist;
				LD_RUNPATH_SEARCH_PATHS = (
					"$(inherited)",
					"@executable_path/Frameworks",
				);
				PRODUCT_BUNDLE_IDENTIFIER = com.nicolasjaved.NihonGame;
				PRODUCT_NAME = "$(TARGET_NAME)";
				SWIFT_VERSION = 4.2;
				TARGETED_DEVICE_FAMILY = "1,2";
			};
			name = Debug;
		};
		37613058213E644900FBCA24 /* Release */ = {
			isa = XCBuildConfiguration;
			buildSettings = {
				ASSETCATALOG_COMPILER_APPICON_NAME = AppIcon;
				CODE_SIGN_STYLE = Automatic;
				DEVELOPMENT_TEAM = Q9ND38V22J;
				INFOPLIST_FILE = NihonGame/Info.plist;
				LD_RUNPATH_SEARCH_PATHS = (
					"$(inherited)",
					"@executable_path/Frameworks",
				);
				PRODUCT_BUNDLE_IDENTIFIER = com.nicolasjaved.NihonGame;
				PRODUCT_NAME = "$(TARGET_NAME)";
				SWIFT_VERSION = 4.2;
				TARGETED_DEVICE_FAMILY = "1,2";
			};
			name = Release;
		};
		3761305A213E644900FBCA24 /* Debug */ = {
			isa = XCBuildConfiguration;
			buildSettings = {
				ALWAYS_EMBED_SWIFT_STANDARD_LIBRARIES = YES;
				BUNDLE_LOADER = "$(TEST_HOST)";
				CODE_SIGN_STYLE = Automatic;
				DEVELOPMENT_TEAM = Q9ND38V22J;
				INFOPLIST_FILE = NihonGameTests/Info.plist;
				LD_RUNPATH_SEARCH_PATHS = (
					"$(inherited)",
					"@executable_path/Frameworks",
					"@loader_path/Frameworks",
				);
				PRODUCT_BUNDLE_IDENTIFIER = com.nicolasjaved.NihonGameTests;
				PRODUCT_NAME = "$(TARGET_NAME)";
				SWIFT_VERSION = 4.2;
				TARGETED_DEVICE_FAMILY = "1,2";
				TEST_HOST = "$(BUILT_PRODUCTS_DIR)/NihonGame.app/NihonGame";
			};
			name = Debug;
		};
		3761305B213E644900FBCA24 /* Release */ = {
			isa = XCBuildConfiguration;
			buildSettings = {
				ALWAYS_EMBED_SWIFT_STANDARD_LIBRARIES = YES;
				BUNDLE_LOADER = "$(TEST_HOST)";
				CODE_SIGN_STYLE = Automatic;
				DEVELOPMENT_TEAM = Q9ND38V22J;
				INFOPLIST_FILE = NihonGameTests/Info.plist;
				LD_RUNPATH_SEARCH_PATHS = (
					"$(inherited)",
					"@executable_path/Frameworks",
					"@loader_path/Frameworks",
				);
				PRODUCT_BUNDLE_IDENTIFIER = com.nicolasjaved.NihonGameTests;
				PRODUCT_NAME = "$(TARGET_NAME)";
				SWIFT_VERSION = 4.2;
				TARGETED_DEVICE_FAMILY = "1,2";
				TEST_HOST = "$(BUILT_PRODUCTS_DIR)/NihonGame.app/NihonGame";
			};
			name = Release;
		};
/* End XCBuildConfiguration section */

/* Begin XCConfigurationList section */
		3761302E213E644700FBCA24 /* Build configuration list for PBXProject "NihonGame" */ = {
			isa = XCConfigurationList;
			buildConfigurations = (
				37613054213E644900FBCA24 /* Debug */,
				37613055213E644900FBCA24 /* Release */,
			);
			defaultConfigurationIsVisible = 0;
			defaultConfigurationName = Release;
		};
		37613056213E644900FBCA24 /* Build configuration list for PBXNativeTarget "NihonGame" */ = {
			isa = XCConfigurationList;
			buildConfigurations = (
				37613057213E644900FBCA24 /* Debug */,
				37613058213E644900FBCA24 /* Release */,
			);
			defaultConfigurationIsVisible = 0;
			defaultConfigurationName = Release;
		};
		37613059213E644900FBCA24 /* Build configuration list for PBXNativeTarget "NihonGameTests" */ = {
			isa = XCConfigurationList;
			buildConfigurations = (
				3761305A213E644900FBCA24 /* Debug */,
				3761305B213E644900FBCA24 /* Release */,
			);
			defaultConfigurationIsVisible = 0;
			defaultConfigurationName = Release;
		};
/* End XCConfigurationList section */

/* Begin XCVersionGroup section */
		3743A3A2215B789C0012B02A /* GameDataModel.xcdatamodeld */ = {
			isa = XCVersionGroup;
			children = (
				3743A3A3215B789C0012B02A /* GameDataModel.xcdatamodel */,
			);
			currentVersion = 3743A3A3215B789C0012B02A /* GameDataModel.xcdatamodel */;
			path = GameDataModel.xcdatamodeld;
			sourceTree = "<group>";
			versionGroupType = wrapper.xcdatamodel;
		};
/* End XCVersionGroup section */
	};
	rootObject = 3761302B213E644700FBCA24 /* Project object */;
}
